
Microsoft Visual Studio Solution File, Format Version 12.00
# Visual Studio Version 16
VisualStudioVersion = 16.0.31025.194
MinimumVisualStudioVersion = 10.0.40219.1
Project("{FAE04EC0-301F-11D3-BF4B-00C04F79EFBC}") = "AccountUnit", "AccountUnit\AccountUnit.csproj", "{0E145DF1-E080-4C7B-AE21-8F0ADA552905}"
EndProject
Global
	GlobalSection(SolutionConfigurationPlatforms) = preSolution
		Debug|Any CPU = Debug|Any CPU
		Release|Any CPU = Release|Any CPU
	EndGlobalSection
	GlobalSection(ProjectConfigurationPlatforms) = postSolution
		{0E145DF1-E080-4C7B-AE21-8F0ADA552905}.Debug|Any CPU.ActiveCfg = Debug|Any CPU
		{0E145DF1-E080-4C7B-AE21-8F0ADA552905}.Debug|Any CPU.Build.0 = Debug|Any CPU
		{0E145DF1-E080-4C7B-AE21-8F0ADA552905}.Release|Any CPU.ActiveCfg = Release|Any CPU
		{0E145DF1-E080-4C7B-AE21-8F0ADA552905}.Release|Any CPU.Build.0 = Release|Any CPU
	EndGlobalSection
	GlobalSection(SolutionProperties) = preSolution
		HideSolutionNode = FALSE
	EndGlobalSection
	GlobalSection(ExtensibilityGlobals) = postSolution
		SolutionGuid = {57512D23-E67B-40F6-95BE-BA96399E51AF}
	EndGlobalSection
EndGlobal
